// !$*UTF8*$!
{
	archiveVersion = 1;
	classes = {
	};
	objectVersion = 46;
	objects = {

/* Begin PBXBuildFile section */
		7C68678DD5444813BE1327E6 /* libPods.a in Frameworks */ = {isa = PBXBuildFile; fileRef = 318DBA10421D40E593A83BEE /* libPods.a */; };
		DE95EFF5199A6D0900DD7B07 /* Foundation.framework in Frameworks */ = {isa = PBXBuildFile; fileRef = DE95EFF4199A6D0900DD7B07 /* Foundation.framework */; };
		DE95EFF7199A6D0900DD7B07 /* CoreGraphics.framework in Frameworks */ = {isa = PBXBuildFile; fileRef = DE95EFF6199A6D0900DD7B07 /* CoreGraphics.framework */; };
		DE95EFF9199A6D0900DD7B07 /* UIKit.framework in Frameworks */ = {isa = PBXBuildFile; fileRef = DE95EFF8199A6D0900DD7B07 /* UIKit.framework */; };
		DE95EFFF199A6D0900DD7B07 /* InfoPlist.strings in Resources */ = {isa = PBXBuildFile; fileRef = DE95EFFD199A6D0900DD7B07 /* InfoPlist.strings */; };
		DE95F001199A6D0900DD7B07 /* main.m in Sources */ = {isa = PBXBuildFile; fileRef = DE95F000199A6D0900DD7B07 /* main.m */; };
		DE95F005199A6D0900DD7B07 /* AppDelegate.m in Sources */ = {isa = PBXBuildFile; fileRef = DE95F004199A6D0900DD7B07 /* AppDelegate.m */; };
		DE95F00D199A6D0900DD7B07 /* Images.xcassets in Resources */ = {isa = PBXBuildFile; fileRef = DE95F00C199A6D0900DD7B07 /* Images.xcassets */; };
		DE95F014199A6D0900DD7B07 /* XCTest.framework in Frameworks */ = {isa = PBXBuildFile; fileRef = DE95F013199A6D0900DD7B07 /* XCTest.framework */; };
		DE95F015199A6D0900DD7B07 /* Foundation.framework in Frameworks */ = {isa = PBXBuildFile; fileRef = DE95EFF4199A6D0900DD7B07 /* Foundation.framework */; };
		DE95F016199A6D0900DD7B07 /* UIKit.framework in Frameworks */ = {isa = PBXBuildFile; fileRef = DE95EFF8199A6D0900DD7B07 /* UIKit.framework */; };
		DE95F01E199A6D0900DD7B07 /* InfoPlist.strings in Resources */ = {isa = PBXBuildFile; fileRef = DE95F01C199A6D0900DD7B07 /* InfoPlist.strings */; };
		DE95F020199A6D0900DD7B07 /* FlickrTests.m in Sources */ = {isa = PBXBuildFile; fileRef = DE95F01F199A6D0900DD7B07 /* FlickrTests.m */; };
		DE95F05C199A798E00DD7B07 /* GalleryViewController.m in Sources */ = {isa = PBXBuildFile; fileRef = DE95F056199A798E00DD7B07 /* GalleryViewController.m */; };
		DE95F05D199A798E00DD7B07 /* GalleryViewController.xib in Resources */ = {isa = PBXBuildFile; fileRef = DE95F057199A798E00DD7B07 /* GalleryViewController.xib */; };
		DE95F05E199A798E00DD7B07 /* WelcomeViewController.m in Sources */ = {isa = PBXBuildFile; fileRef = DE95F05A199A798E00DD7B07 /* WelcomeViewController.m */; };
		DE95F05F199A798E00DD7B07 /* WelcomeViewController.xib in Resources */ = {isa = PBXBuildFile; fileRef = DE95F05B199A798E00DD7B07 /* WelcomeViewController.xib */; };
		DE95F064199A799E00DD7B07 /* ImageGridView.m in Sources */ = {isa = PBXBuildFile; fileRef = DE95F062199A799E00DD7B07 /* ImageGridView.m */; };
		DE95F065199A799E00DD7B07 /* ImageGridView.xib in Resources */ = {isa = PBXBuildFile; fileRef = DE95F063199A799E00DD7B07 /* ImageGridView.xib */; };
		DE95F069199A79D500DD7B07 /* ImageGridCell.m in Sources */ = {isa = PBXBuildFile; fileRef = DE95F068199A79D500DD7B07 /* ImageGridCell.m */; };
		DE95F06B199A79E100DD7B07 /* ImageGridCell.xib in Resources */ = {isa = PBXBuildFile; fileRef = DE95F06A199A79E100DD7B07 /* ImageGridCell.xib */; };
		DE95F08C199A87CC00DD7B07 /* API.m in Sources */ = {isa = PBXBuildFile; fileRef = DE95F08B199A87CC00DD7B07 /* API.m */; };
		DE95F090199AA75400DD7B07 /* UIView+Additions.m in Sources */ = {isa = PBXBuildFile; fileRef = DE95F08F199AA75400DD7B07 /* UIView+Additions.m */; };
		DE95F094199AABAC00DD7B07 /* Image.m in Sources */ = {isa = PBXBuildFile; fileRef = DE95F093199AABAC00DD7B07 /* Image.m */; };
		DE95F097199BC52900DD7B07 /* Comment.m in Sources */ = {isa = PBXBuildFile; fileRef = DE95F096199BC52900DD7B07 /* Comment.m */; };
		DE95F09C199C3B3A00DD7B07 /* CommentCell.m in Sources */ = {isa = PBXBuildFile; fileRef = DE95F09A199C3B3A00DD7B07 /* CommentCell.m */; };
		DE95F09D199C3B3A00DD7B07 /* CommentCell.xib in Resources */ = {isa = PBXBuildFile; fileRef = DE95F09B199C3B3A00DD7B07 /* CommentCell.xib */; };
/* End PBXBuildFile section */

/* Begin PBXContainerItemProxy section */
		DE95F017199A6D0900DD7B07 /* PBXContainerItemProxy */ = {
			isa = PBXContainerItemProxy;
			containerPortal = DE95EFE9199A6D0900DD7B07 /* Project object */;
			proxyType = 1;
			remoteGlobalIDString = DE95EFF0199A6D0900DD7B07;
			remoteInfo = Flickr;
		};
/* End PBXContainerItemProxy section */

/* Begin PBXFileReference section */
		318DBA10421D40E593A83BEE /* libPods.a */ = {isa = PBXFileReference; explicitFileType = archive.ar; includeInIndex = 0; path = libPods.a; sourceTree = BUILT_PRODUCTS_DIR; };
		DE95EFF1199A6D0900DD7B07 /* Flickr.app */ = {isa = PBXFileReference; explicitFileType = wrapper.application; includeInIndex = 0; path = Flickr.app; sourceTree = BUILT_PRODUCTS_DIR; };
		DE95EFF4199A6D0900DD7B07 /* Foundation.framework */ = {isa = PBXFileReference; lastKnownFileType = wrapper.framework; name = Foundation.framework; path = System/Library/Frameworks/Foundation.framework; sourceTree = SDKROOT; };
		DE95EFF6199A6D0900DD7B07 /* CoreGraphics.framework */ = {isa = PBXFileReference; lastKnownFileType = wrapper.framework; name = CoreGraphics.framework; path = System/Library/Frameworks/CoreGraphics.framework; sourceTree = SDKROOT; };
		DE95EFF8199A6D0900DD7B07 /* UIKit.framework */ = {isa = PBXFileReference; lastKnownFileType = wrapper.framework; name = UIKit.framework; path = System/Library/Frameworks/UIKit.framework; sourceTree = SDKROOT; };
		DE95EFFC199A6D0900DD7B07 /* Flickr-Info.plist */ = {isa = PBXFileReference; lastKnownFileType = text.plist.xml; path = "Flickr-Info.plist"; sourceTree = "<group>"; };
		DE95EFFE199A6D0900DD7B07 /* en */ = {isa = PBXFileReference; lastKnownFileType = text.plist.strings; name = en; path = en.lproj/InfoPlist.strings; sourceTree = "<group>"; };
		DE95F000199A6D0900DD7B07 /* main.m */ = {isa = PBXFileReference; lastKnownFileType = sourcecode.c.objc; path = main.m; sourceTree = "<group>"; };
		DE95F002199A6D0900DD7B07 /* Flickr-Prefix.pch */ = {isa = PBXFileReference; lastKnownFileType = sourcecode.c.h; path = "Flickr-Prefix.pch"; sourceTree = "<group>"; };
		DE95F003199A6D0900DD7B07 /* AppDelegate.h */ = {isa = PBXFileReference; lastKnownFileType = sourcecode.c.h; path = AppDelegate.h; sourceTree = "<group>"; };
		DE95F004199A6D0900DD7B07 /* AppDelegate.m */ = {isa = PBXFileReference; lastKnownFileType = sourcecode.c.objc; path = AppDelegate.m; sourceTree = "<group>"; };
		DE95F00C199A6D0900DD7B07 /* Images.xcassets */ = {isa = PBXFileReference; lastKnownFileType = folder.assetcatalog; path = Images.xcassets; sourceTree = "<group>"; };
		DE95F012199A6D0900DD7B07 /* FlickrTests.xctest */ = {isa = PBXFileReference; explicitFileType = wrapper.cfbundle; includeInIndex = 0; path = FlickrTests.xctest; sourceTree = BUILT_PRODUCTS_DIR; };
		DE95F013199A6D0900DD7B07 /* XCTest.framework */ = {isa = PBXFileReference; lastKnownFileType = wrapper.framework; name = XCTest.framework; path = Library/Frameworks/XCTest.framework; sourceTree = DEVELOPER_DIR; };
		DE95F01B199A6D0900DD7B07 /* FlickrTests-Info.plist */ = {isa = PBXFileReference; lastKnownFileType = text.plist.xml; path = "FlickrTests-Info.plist"; sourceTree = "<group>"; };
		DE95F01D199A6D0900DD7B07 /* en */ = {isa = PBXFileReference; lastKnownFileType = text.plist.strings; name = en; path = en.lproj/InfoPlist.strings; sourceTree = "<group>"; };
		DE95F01F199A6D0900DD7B07 /* FlickrTests.m */ = {isa = PBXFileReference; lastKnownFileType = sourcecode.c.objc; path = FlickrTests.m; sourceTree = "<group>"; };
		DE95F055199A798E00DD7B07 /* GalleryViewController.h */ = {isa = PBXFileReference; fileEncoding = 4; lastKnownFileType = sourcecode.c.h; path = GalleryViewController.h; sourceTree = "<group>"; };
		DE95F056199A798E00DD7B07 /* GalleryViewController.m */ = {isa = PBXFileReference; fileEncoding = 4; lastKnownFileType = sourcecode.c.objc; path = GalleryViewController.m; sourceTree = "<group>"; };
		DE95F057199A798E00DD7B07 /* GalleryViewController.xib */ = {isa = PBXFileReference; fileEncoding = 4; lastKnownFileType = file.xib; path = GalleryViewController.xib; sourceTree = "<group>"; };
		DE95F059199A798E00DD7B07 /* WelcomeViewController.h */ = {isa = PBXFileReference; fileEncoding = 4; lastKnownFileType = sourcecode.c.h; path = WelcomeViewController.h; sourceTree = "<group>"; };
		DE95F05A199A798E00DD7B07 /* WelcomeViewController.m */ = {isa = PBXFileReference; fileEncoding = 4; lastKnownFileType = sourcecode.c.objc; path = WelcomeViewController.m; sourceTree = "<group>"; };
		DE95F05B199A798E00DD7B07 /* WelcomeViewController.xib */ = {isa = PBXFileReference; fileEncoding = 4; lastKnownFileType = file.xib; path = WelcomeViewController.xib; sourceTree = "<group>"; };
		DE95F061199A799E00DD7B07 /* ImageGridView.h */ = {isa = PBXFileReference; fileEncoding = 4; lastKnownFileType = sourcecode.c.h; path = ImageGridView.h; sourceTree = "<group>"; };
		DE95F062199A799E00DD7B07 /* ImageGridView.m */ = {isa = PBXFileReference; fileEncoding = 4; lastKnownFileType = sourcecode.c.objc; path = ImageGridView.m; sourceTree = "<group>"; };
		DE95F063199A799E00DD7B07 /* ImageGridView.xib */ = {isa = PBXFileReference; fileEncoding = 4; lastKnownFileType = file.xib; path = ImageGridView.xib; sourceTree = "<group>"; };
		DE95F067199A79D500DD7B07 /* ImageGridCell.h */ = {isa = PBXFileReference; fileEncoding = 4; lastKnownFileType = sourcecode.c.h; path = ImageGridCell.h; sourceTree = "<group>"; };
		DE95F068199A79D500DD7B07 /* ImageGridCell.m */ = {isa = PBXFileReference; fileEncoding = 4; lastKnownFileType = sourcecode.c.objc; path = ImageGridCell.m; sourceTree = "<group>"; };
		DE95F06A199A79E100DD7B07 /* ImageGridCell.xib */ = {isa = PBXFileReference; fileEncoding = 4; lastKnownFileType = file.xib; path = ImageGridCell.xib; sourceTree = "<group>"; };
		DE95F08A199A87CC00DD7B07 /* API.h */ = {isa = PBXFileReference; fileEncoding = 4; lastKnownFileType = sourcecode.c.h; path = API.h; sourceTree = "<group>"; };
		DE95F08B199A87CC00DD7B07 /* API.m */ = {isa = PBXFileReference; fileEncoding = 4; lastKnownFileType = sourcecode.c.objc; path = API.m; sourceTree = "<group>"; };
		DE95F08E199AA75400DD7B07 /* UIView+Additions.h */ = {isa = PBXFileReference; fileEncoding = 4; lastKnownFileType = sourcecode.c.h; path = "UIView+Additions.h"; sourceTree = "<group>"; };
		DE95F08F199AA75400DD7B07 /* UIView+Additions.m */ = {isa = PBXFileReference; fileEncoding = 4; lastKnownFileType = sourcecode.c.objc; path = "UIView+Additions.m"; sourceTree = "<group>"; };
		DE95F092199AABAC00DD7B07 /* Image.h */ = {isa = PBXFileReference; fileEncoding = 4; lastKnownFileType = sourcecode.c.h; path = Image.h; sourceTree = "<group>"; };
		DE95F093199AABAC00DD7B07 /* Image.m */ = {isa = PBXFileReference; fileEncoding = 4; lastKnownFileType = sourcecode.c.objc; path = Image.m; sourceTree = "<group>"; };
		DE95F095199BC52900DD7B07 /* Comment.h */ = {isa = PBXFileReference; fileEncoding = 4; lastKnownFileType = sourcecode.c.h; path = Comment.h; sourceTree = "<group>"; };
		DE95F096199BC52900DD7B07 /* Comment.m */ = {isa = PBXFileReference; fileEncoding = 4; lastKnownFileType = sourcecode.c.objc; path = Comment.m; sourceTree = "<group>"; };
		DE95F099199C3B3A00DD7B07 /* CommentCell.h */ = {isa = PBXFileReference; fileEncoding = 4; lastKnownFileType = sourcecode.c.h; path = CommentCell.h; sourceTree = "<group>"; };
		DE95F09A199C3B3A00DD7B07 /* CommentCell.m */ = {isa = PBXFileReference; fileEncoding = 4; lastKnownFileType = sourcecode.c.objc; path = CommentCell.m; sourceTree = "<group>"; };
		DE95F09B199C3B3A00DD7B07 /* CommentCell.xib */ = {isa = PBXFileReference; fileEncoding = 4; lastKnownFileType = file.xib; path = CommentCell.xib; sourceTree = "<group>"; };
		F03176DD62AF4F56976708E5 /* Pods.xcconfig */ = {isa = PBXFileReference; includeInIndex = 1; lastKnownFileType = text.xcconfig; name = Pods.xcconfig; path = Pods/Pods.xcconfig; sourceTree = "<group>"; };
/* End PBXFileReference section */

/* Begin PBXFrameworksBuildPhase section */
		DE95EFEE199A6D0900DD7B07 /* Frameworks */ = {
			isa = PBXFrameworksBuildPhase;
			buildActionMask = 2147483647;
			files = (
				DE95EFF7199A6D0900DD7B07 /* CoreGraphics.framework in Frameworks */,
				DE95EFF9199A6D0900DD7B07 /* UIKit.framework in Frameworks */,
				DE95EFF5199A6D0900DD7B07 /* Foundation.framework in Frameworks */,
				7C68678DD5444813BE1327E6 /* libPods.a in Frameworks */,
			);
			runOnlyForDeploymentPostprocessing = 0;
		};
		DE95F00F199A6D0900DD7B07 /* Frameworks */ = {
			isa = PBXFrameworksBuildPhase;
			buildActionMask = 2147483647;
			files = (
				DE95F014199A6D0900DD7B07 /* XCTest.framework in Frameworks */,
				DE95F016199A6D0900DD7B07 /* UIKit.framework in Frameworks */,
				DE95F015199A6D0900DD7B07 /* Foundation.framework in Frameworks */,
			);
			runOnlyForDeploymentPostprocessing = 0;
		};
/* End PBXFrameworksBuildPhase section */

/* Begin PBXGroup section */
		DE95EFE8199A6D0900DD7B07 = {
			isa = PBXGroup;
			children = (
				DE95EFFA199A6D0900DD7B07 /* Flickr */,
				DE95F019199A6D0900DD7B07 /* FlickrTests */,
				DE95EFF3199A6D0900DD7B07 /* Frameworks */,
				DE95EFF2199A6D0900DD7B07 /* Products */,
				F03176DD62AF4F56976708E5 /* Pods.xcconfig */,
			);
			sourceTree = "<group>";
		};
		DE95EFF2199A6D0900DD7B07 /* Products */ = {
			isa = PBXGroup;
			children = (
				DE95EFF1199A6D0900DD7B07 /* Flickr.app */,
				DE95F012199A6D0900DD7B07 /* FlickrTests.xctest */,
			);
			name = Products;
			sourceTree = "<group>";
		};
		DE95EFF3199A6D0900DD7B07 /* Frameworks */ = {
			isa = PBXGroup;
			children = (
				DE95EFF4199A6D0900DD7B07 /* Foundation.framework */,
				DE95EFF6199A6D0900DD7B07 /* CoreGraphics.framework */,
				DE95EFF8199A6D0900DD7B07 /* UIKit.framework */,
				DE95F013199A6D0900DD7B07 /* XCTest.framework */,
				318DBA10421D40E593A83BEE /* libPods.a */,
			);
			name = Frameworks;
			sourceTree = "<group>";
		};
		DE95EFFA199A6D0900DD7B07 /* Flickr */ = {
			isa = PBXGroup;
			children = (
				DE95F091199AABA300DD7B07 /* Model */,
				DE95F08A199A87CC00DD7B07 /* API.h */,
				DE95F08B199A87CC00DD7B07 /* API.m */,
				DE95F003199A6D0900DD7B07 /* AppDelegate.h */,
				DE95F004199A6D0900DD7B07 /* AppDelegate.m */,
				DE95F08D199AA73C00DD7B07 /* Categories */,
				DE95F042199A796100DD7B07 /* Controllers */,
				DE95F00C199A6D0900DD7B07 /* Images.xcassets */,
				DE95F049199A796100DD7B07 /* Reusable Views */,
				DE95EFFB199A6D0900DD7B07 /* Supporting Files */,
			);
			path = Flickr;
			sourceTree = "<group>";
		};
		DE95EFFB199A6D0900DD7B07 /* Supporting Files */ = {
			isa = PBXGroup;
			children = (
				DE95EFFC199A6D0900DD7B07 /* Flickr-Info.plist */,
				DE95EFFD199A6D0900DD7B07 /* InfoPlist.strings */,
				DE95F000199A6D0900DD7B07 /* main.m */,
				DE95F002199A6D0900DD7B07 /* Flickr-Prefix.pch */,
			);
			name = "Supporting Files";
			sourceTree = "<group>";
		};
		DE95F019199A6D0900DD7B07 /* FlickrTests */ = {
			isa = PBXGroup;
			children = (
				DE95F01F199A6D0900DD7B07 /* FlickrTests.m */,
				DE95F01A199A6D0900DD7B07 /* Supporting Files */,
			);
			path = FlickrTests;
			sourceTree = "<group>";
		};
		DE95F01A199A6D0900DD7B07 /* Supporting Files */ = {
			isa = PBXGroup;
			children = (
				DE95F01B199A6D0900DD7B07 /* FlickrTests-Info.plist */,
				DE95F01C199A6D0900DD7B07 /* InfoPlist.strings */,
			);
			name = "Supporting Files";
			sourceTree = "<group>";
		};
		DE95F042199A796100DD7B07 /* Controllers */ = {
			isa = PBXGroup;
			children = (
				DE95F054199A798E00DD7B07 /* GalleryViewController */,
				DE95F058199A798E00DD7B07 /* WelcomeViewController */,
			);
			path = Controllers;
			sourceTree = "<group>";
		};
		DE95F049199A796100DD7B07 /* Reusable Views */ = {
			isa = PBXGroup;
			children = (
				DE95F060199A799E00DD7B07 /* ImageGridView */,
			);
			path = "Reusable Views";
			sourceTree = "<group>";
		};
		DE95F054199A798E00DD7B07 /* GalleryViewController */ = {
			isa = PBXGroup;
			children = (
				DE95F055199A798E00DD7B07 /* GalleryViewController.h */,
				DE95F056199A798E00DD7B07 /* GalleryViewController.m */,
				DE95F057199A798E00DD7B07 /* GalleryViewController.xib */,
			);
			path = GalleryViewController;
			sourceTree = "<group>";
		};
		DE95F058199A798E00DD7B07 /* WelcomeViewController */ = {
			isa = PBXGroup;
			children = (
				DE95F059199A798E00DD7B07 /* WelcomeViewController.h */,
				DE95F05A199A798E00DD7B07 /* WelcomeViewController.m */,
				DE95F05B199A798E00DD7B07 /* WelcomeViewController.xib */,
			);
			path = WelcomeViewController;
			sourceTree = "<group>";
		};
		DE95F060199A799E00DD7B07 /* ImageGridView */ = {
			isa = PBXGroup;
			children = (
				DE95F066199A79BD00DD7B07 /* ImageGridCell */,
				DE95F061199A799E00DD7B07 /* ImageGridView.h */,
				DE95F062199A799E00DD7B07 /* ImageGridView.m */,
				DE95F063199A799E00DD7B07 /* ImageGridView.xib */,
			);
			path = ImageGridView;
			sourceTree = "<group>";
		};
		DE95F066199A79BD00DD7B07 /* ImageGridCell */ = {
			isa = PBXGroup;
			children = (
				DE95F098199C3B0800DD7B07 /* CommentCell */,
				DE95F067199A79D500DD7B07 /* ImageGridCell.h */,
				DE95F068199A79D500DD7B07 /* ImageGridCell.m */,
				DE95F06A199A79E100DD7B07 /* ImageGridCell.xib */,
			);
			path = ImageGridCell;
			sourceTree = "<group>";
		};
		DE95F08D199AA73C00DD7B07 /* Categories */ = {
			isa = PBXGroup;
			children = (
				DE95F08E199AA75400DD7B07 /* UIView+Additions.h */,
				DE95F08F199AA75400DD7B07 /* UIView+Additions.m */,
			);
			path = Categories;
			sourceTree = "<group>";
		};
		DE95F091199AABA300DD7B07 /* Model */ = {
			isa = PBXGroup;
			children = (
				DE95F092199AABAC00DD7B07 /* Image.h */,
				DE95F093199AABAC00DD7B07 /* Image.m */,
				DE95F095199BC52900DD7B07 /* Comment.h */,
				DE95F096199BC52900DD7B07 /* Comment.m */,
			);
			path = Model;
			sourceTree = "<group>";
		};
		DE95F098199C3B0800DD7B07 /* CommentCell */ = {
			isa = PBXGroup;
			children = (
				DE95F099199C3B3A00DD7B07 /* CommentCell.h */,
				DE95F09A199C3B3A00DD7B07 /* CommentCell.m */,
				DE95F09B199C3B3A00DD7B07 /* CommentCell.xib */,
			);
			path = CommentCell;
			sourceTree = "<group>";
		};
/* End PBXGroup section */

/* Begin PBXNativeTarget section */
		DE95EFF0199A6D0900DD7B07 /* Flickr */ = {
			isa = PBXNativeTarget;
			buildConfigurationList = DE95F023199A6D0900DD7B07 /* Build configuration list for PBXNativeTarget "Flickr" */;
			buildPhases = (
				3A6878B65CF646B99A40CDEC /* Check Pods Manifest.lock */,
				DE95EFED199A6D0900DD7B07 /* Sources */,
				DE95EFEE199A6D0900DD7B07 /* Frameworks */,
				DE95EFEF199A6D0900DD7B07 /* Resources */,
				D3D65710C9794337ABE4BBBA /* Copy Pods Resources */,
			);
			buildRules = (
			);
			dependencies = (
			);
			name = Flickr;
			productName = Flickr;
			productReference = DE95EFF1199A6D0900DD7B07 /* Flickr.app */;
			productType = "com.apple.product-type.application";
		};
		DE95F011199A6D0900DD7B07 /* FlickrTests */ = {
			isa = PBXNativeTarget;
			buildConfigurationList = DE95F026199A6D0900DD7B07 /* Build configuration list for PBXNativeTarget "FlickrTests" */;
			buildPhases = (
				DE95F00E199A6D0900DD7B07 /* Sources */,
				DE95F00F199A6D0900DD7B07 /* Frameworks */,
				DE95F010199A6D0900DD7B07 /* Resources */,
			);
			buildRules = (
			);
			dependencies = (
				DE95F018199A6D0900DD7B07 /* PBXTargetDependency */,
			);
			name = FlickrTests;
			productName = FlickrTests;
			productReference = DE95F012199A6D0900DD7B07 /* FlickrTests.xctest */;
			productType = "com.apple.product-type.bundle.unit-test";
		};
/* End PBXNativeTarget section */

/* Begin PBXProject section */
		DE95EFE9199A6D0900DD7B07 /* Project object */ = {
			isa = PBXProject;
			attributes = {
				LastUpgradeCheck = 0510;
				TargetAttributes = {
					DE95EFF0199A6D0900DD7B07 = {
						DevelopmentTeam = C2SDA3QLS5;
					};
					DE95F011199A6D0900DD7B07 = {
						TestTargetID = DE95EFF0199A6D0900DD7B07;
					};
				};
			};
			buildConfigurationList = DE95EFEC199A6D0900DD7B07 /* Build configuration list for PBXProject "Flickr" */;
			compatibilityVersion = "Xcode 3.2";
			developmentRegion = English;
			hasScannedForEncodings = 0;
			knownRegions = (
				en,
				Base,
			);
			mainGroup = DE95EFE8199A6D0900DD7B07;
			productRefGroup = DE95EFF2199A6D0900DD7B07 /* Products */;
			projectDirPath = "";
			projectRoot = "";
			targets = (
				DE95EFF0199A6D0900DD7B07 /* Flickr */,
				DE95F011199A6D0900DD7B07 /* FlickrTests */,
			);
		};
/* End PBXProject section */

/* Begin PBXResourcesBuildPhase section */
		DE95EFEF199A6D0900DD7B07 /* Resources */ = {
			isa = PBXResourcesBuildPhase;
			buildActionMask = 2147483647;
			files = (
				DE95F065199A799E00DD7B07 /* ImageGridView.xib in Resources */,
				DE95F05F199A798E00DD7B07 /* WelcomeViewController.xib in Resources */,
				DE95F05D199A798E00DD7B07 /* GalleryViewController.xib in Resources */,
				DE95F00D199A6D0900DD7B07 /* Images.xcassets in Resources */,
				DE95EFFF199A6D0900DD7B07 /* InfoPlist.strings in Resources */,
				DE95F06B199A79E100DD7B07 /* ImageGridCell.xib in Resources */,
				DE95F09D199C3B3A00DD7B07 /* CommentCell.xib in Resources */,
			);
			runOnlyForDeploymentPostprocessing = 0;
		};
		DE95F010199A6D0900DD7B07 /* Resources */ = {
			isa = PBXResourcesBuildPhase;
			buildActionMask = 2147483647;
			files = (
				DE95F01E199A6D0900DD7B07 /* InfoPlist.strings in Resources */,
			);
			runOnlyForDeploymentPostprocessing = 0;
		};
/* End PBXResourcesBuildPhase section */

/* Begin PBXShellScriptBuildPhase section */
		3A6878B65CF646B99A40CDEC /* Check Pods Manifest.lock */ = {
			isa = PBXShellScriptBuildPhase;
			buildActionMask = 2147483647;
			files = (
			);
			inputPaths = (
			);
			name = "Check Pods Manifest.lock";
			outputPaths = (
			);
			runOnlyForDeploymentPostprocessing = 0;
			shellPath = /bin/sh;
			shellScript = "diff \"${PODS_ROOT}/../Podfile.lock\" \"${PODS_ROOT}/Manifest.lock\" > /dev/null\nif [[ $? != 0 ]] ; then\n    cat << EOM\nerror: The sandbox is not in sync with the Podfile.lock. Run 'pod install' or update your CocoaPods installation.\nEOM\n    exit 1\nfi\n";
			showEnvVarsInLog = 0;
		};
		D3D65710C9794337ABE4BBBA /* Copy Pods Resources */ = {
			isa = PBXShellScriptBuildPhase;
			buildActionMask = 2147483647;
			files = (
			);
			inputPaths = (
			);
			name = "Copy Pods Resources";
			outputPaths = (
			);
			runOnlyForDeploymentPostprocessing = 0;
			shellPath = /bin/sh;
			shellScript = "\"${SRCROOT}/Pods/Pods-resources.sh\"\n";
			showEnvVarsInLog = 0;
		};
/* End PBXShellScriptBuildPhase section */

/* Begin PBXSourcesBuildPhase section */
		DE95EFED199A6D0900DD7B07 /* Sources */ = {
			isa = PBXSourcesBuildPhase;
			buildActionMask = 2147483647;
			files = (
				DE95F09C199C3B3A00DD7B07 /* CommentCell.m in Sources */,
				DE95F090199AA75400DD7B07 /* UIView+Additions.m in Sources */,
				DE95F064199A799E00DD7B07 /* ImageGridView.m in Sources */,
				DE95F005199A6D0900DD7B07 /* AppDelegate.m in Sources */,
				DE95F097199BC52900DD7B07 /* Comment.m in Sources */,
				DE95F001199A6D0900DD7B07 /* main.m in Sources */,
				DE95F069199A79D500DD7B07 /* ImageGridCell.m in Sources */,
				DE95F05E199A798E00DD7B07 /* WelcomeViewController.m in Sources */,
				DE95F094199AABAC00DD7B07 /* Image.m in Sources */,
				DE95F08C199A87CC00DD7B07 /* API.m in Sources */,
				DE95F05C199A798E00DD7B07 /* GalleryViewController.m in Sources */,
			);
			runOnlyForDeploymentPostprocessing = 0;
		};
		DE95F00E199A6D0900DD7B07 /* Sources */ = {
			isa = PBXSourcesBuildPhase;
			buildActionMask = 2147483647;
			files = (
				DE95F020199A6D0900DD7B07 /* FlickrTests.m in Sources */,
			);
			runOnlyForDeploymentPostprocessing = 0;
		};
/* End PBXSourcesBuildPhase section */

/* Begin PBXTargetDependency section */
		DE95F018199A6D0900DD7B07 /* PBXTargetDependency */ = {
			isa = PBXTargetDependency;
			target = DE95EFF0199A6D0900DD7B07 /* Flickr */;
			targetProxy = DE95F017199A6D0900DD7B07 /* PBXContainerItemProxy */;
		};
/* End PBXTargetDependency section */

/* Begin PBXVariantGroup section */
		DE95EFFD199A6D0900DD7B07 /* InfoPlist.strings */ = {
			isa = PBXVariantGroup;
			children = (
				DE95EFFE199A6D0900DD7B07 /* en */,
			);
			name = InfoPlist.strings;
			sourceTree = "<group>";
		};
		DE95F01C199A6D0900DD7B07 /* InfoPlist.strings */ = {
			isa = PBXVariantGroup;
			children = (
				DE95F01D199A6D0900DD7B07 /* en */,
			);
			name = InfoPlist.strings;
			sourceTree = "<group>";
		};
/* End PBXVariantGroup section */

/* Begin XCBuildConfiguration section */
		DE95F021199A6D0900DD7B07 /* Debug */ = {
			isa = XCBuildConfiguration;
			buildSettings = {
				ALWAYS_SEARCH_USER_PATHS = NO;
				CLANG_CXX_LANGUAGE_STANDARD = "gnu++0x";
				CLANG_CXX_LIBRARY = "libc++";
				CLANG_ENABLE_MODULES = YES;
				CLANG_ENABLE_OBJC_ARC = YES;
				CLANG_WARN_BOOL_CONVERSION = YES;
				CLANG_WARN_CONSTANT_CONVERSION = YES;
				CLANG_WARN_DIRECT_OBJC_ISA_USAGE = YES_ERROR;
				CLANG_WARN_EMPTY_BODY = YES;
				CLANG_WARN_ENUM_CONVERSION = YES;
				CLANG_WARN_INT_CONVERSION = YES;
				CLANG_WARN_OBJC_ROOT_CLASS = YES_ERROR;
				CLANG_WARN__DUPLICATE_METHOD_MATCH = YES;
				"CODE_SIGN_IDENTITY[sdk=iphoneos*]" = "iPhone Developer";
				COPY_PHASE_STRIP = NO;
				GCC_C_LANGUAGE_STANDARD = gnu99;
				GCC_DYNAMIC_NO_PIC = NO;
				GCC_OPTIMIZATION_LEVEL = 0;
				GCC_PREPROCESSOR_DEFINITIONS = (
					"DEBUG=1",
					"$(inherited)",
				);
				GCC_SYMBOLS_PRIVATE_EXTERN = NO;
				GCC_WARN_64_TO_32_BIT_CONVERSION = YES;
				GCC_WARN_ABOUT_RETURN_TYPE = YES_ERROR;
				GCC_WARN_UNDECLARED_SELECTOR = YES;
				GCC_WARN_UNINITIALIZED_AUTOS = YES_AGGRESSIVE;
				GCC_WARN_UNUSED_FUNCTION = YES;
				GCC_WARN_UNUSED_VARIABLE = YES;
				IPHONEOS_DEPLOYMENT_TARGET = 7.1;
				ONLY_ACTIVE_ARCH = YES;
				SDKROOT = iphoneos;
			};
			name = Debug;
		};
		DE95F022199A6D0900DD7B07 /* Release */ = {
			isa = XCBuildConfiguration;
			buildSettings = {
				ALWAYS_SEARCH_USER_PATHS = NO;
				CLANG_CXX_LANGUAGE_STANDARD = "gnu++0x";
				CLANG_CXX_LIBRARY = "libc++";
				CLANG_ENABLE_MODULES = YES;
				CLANG_ENABLE_OBJC_ARC = YES;
				CLANG_WARN_BOOL_CONVERSION = YES;
				CLANG_WARN_CONSTANT_CONVERSION = YES;
				CLANG_WARN_DIRECT_OBJC_ISA_USAGE = YES_ERROR;
				CLANG_WARN_EMPTY_BODY = YES;
				CLANG_WARN_ENUM_CONVERSION = YES;
				CLANG_WARN_INT_CONVERSION = YES;
				CLANG_WARN_OBJC_ROOT_CLASS = YES_ERROR;
				CLANG_WARN__DUPLICATE_METHOD_MATCH = YES;
				"CODE_SIGN_IDENTITY[sdk=iphoneos*]" = "iPhone Developer";
				COPY_PHASE_STRIP = YES;
				ENABLE_NS_ASSERTIONS = NO;
				GCC_C_LANGUAGE_STANDARD = gnu99;
				GCC_WARN_64_TO_32_BIT_CONVERSION = YES;
				GCC_WARN_ABOUT_RETURN_TYPE = YES_ERROR;
				GCC_WARN_UNDECLARED_SELECTOR = YES;
				GCC_WARN_UNINITIALIZED_AUTOS = YES_AGGRESSIVE;
				GCC_WARN_UNUSED_FUNCTION = YES;
				GCC_WARN_UNUSED_VARIABLE = YES;
				IPHONEOS_DEPLOYMENT_TARGET = 7.1;
				SDKROOT = iphoneos;
				VALIDATE_PRODUCT = YES;
			};
			name = Release;
		};
		DE95F024199A6D0900DD7B07 /* Debug */ = {
			isa = XCBuildConfiguration;
			baseConfigurationReference = F03176DD62AF4F56976708E5 /* Pods.xcconfig */;
			buildSettings = {
				ASSETCATALOG_COMPILER_APPICON_NAME = AppIcon;
				ASSETCATALOG_COMPILER_LAUNCHIMAGE_NAME = LaunchImage;
				CODE_SIGN_IDENTITY = "iPhone Developer";
				GCC_PRECOMPILE_PREFIX_HEADER = YES;
				GCC_PREFIX_HEADER = "Flickr/Flickr-Prefix.pch";
				INFOPLIST_FILE = "Flickr/Flickr-Info.plist";
				PRODUCT_NAME = "$(TARGET_NAME)";
				WRAPPER_EXTENSION = app;
			};
			name = Debug;
		};
		DE95F025199A6D0900DD7B07 /* Release */ = {
			isa = XCBuildConfiguration;
			baseConfigurationReference = F03176DD62AF4F56976708E5 /* Pods.xcconfig */;
			buildSettings = {
				ASSETCATALOG_COMPILER_APPICON_NAME = AppIcon;
				ASSETCATALOG_COMPILER_LAUNCHIMAGE_NAME = LaunchImage;
				CODE_SIGN_IDENTITY = "iPhone Developer";
				GCC_PRECOMPILE_PREFIX_HEADER = YES;
				GCC_PREFIX_HEADER = "Flickr/Flickr-Prefix.pch";
				INFOPLIST_FILE = "Flickr/Flickr-Info.plist";
				PRODUCT_NAME = "$(TARGET_NAME)";
				WRAPPER_EXTENSION = app;
			};
			name = Release;
		};
		DE95F027199A6D0900DD7B07 /* Debug */ = {
			isa = XCBuildConfiguration;
			buildSettings = {
				BUNDLE_LOADER = "$(BUILT_PRODUCTS_DIR)/Flickr.app/Flickr";
				FRAMEWORK_SEARCH_PATHS = (
					"$(SDKROOT)/Developer/Library/Frameworks",
					"$(inherited)",
					"$(DEVELOPER_FRAMEWORKS_DIR)",
				);
				GCC_PRECOMPILE_PREFIX_HEADER = YES;
				GCC_PREFIX_HEADER = "Flickr/Flickr-Prefix.pch";
				GCC_PREPROCESSOR_DEFINITIONS = (
					"DEBUG=1",
					"$(inherited)",
				);
				INFOPLIST_FILE = "FlickrTests/FlickrTests-Info.plist";
				PRODUCT_NAME = "$(TARGET_NAME)";
				TEST_HOST = "$(BUNDLE_LOADER)";
				WRAPPER_EXTENSION = xctest;
			};
			name = Debug;
		};
		DE95F028199A6D0900DD7B07 /* Release */ = {
			isa = XCBuildConfiguration;
			buildSettings = {
				BUNDLE_LOADER = "$(BUILT_PRODUCTS_DIR)/Flickr.app/Flickr";
				FRAMEWORK_SEARCH_PATHS = (
					"$(SDKROOT)/Developer/Library/Frameworks",
					"$(inherited)",
					"$(DEVELOPER_FRAMEWORKS_DIR)",
				);
				GCC_PRECOMPILE_PREFIX_HEADER = YES;
				GCC_PREFIX_HEADER = "Flickr/Flickr-Prefix.pch";
				INFOPLIST_FILE = "FlickrTests/FlickrTests-Info.plist";
				PRODUCT_NAME = "$(TARGET_NAME)";
				TEST_HOST = "$(BUNDLE_LOADER)";
				WRAPPER_EXTENSION = xctest;
			};
			name = Release;
		};
/* End XCBuildConfiguration section */

/* Begin XCConfigurationList section */
		DE95EFEC199A6D0900DD7B07 /* Build configuration list for PBXProject "Flickr" */ = {
			isa = XCConfigurationList;
			buildConfigurations = (
				DE95F021199A6D0900DD7B07 /* Debug */,
				DE95F022199A6D0900DD7B07 /* Release */,
			);
			defaultConfigurationIsVisible = 0;
			defaultConfigurationName = Release;
		};
		DE95F023199A6D0900DD7B07 /* Build configuration list for PBXNativeTarget "Flickr" */ = {
			isa = XCConfigurationList;
			buildConfigurations = (
				DE95F024199A6D0900DD7B07 /* Debug */,
				DE95F025199A6D0900DD7B07 /* Release */,
			);
			defaultConfigurationIsVisible = 0;
			defaultConfigurationName = Release;
		};
		DE95F026199A6D0900DD7B07 /* Build configuration list for PBXNativeTarget "FlickrTests" */ = {
			isa = XCConfigurationList;
			buildConfigurations = (
				DE95F027199A6D0900DD7B07 /* Debug */,
				DE95F028199A6D0900DD7B07 /* Release */,
			);
			defaultConfigurationIsVisible = 0;
			defaultConfigurationName = Release;
		};
/* End XCConfigurationList section */
	};
	rootObject = DE95EFE9199A6D0900DD7B07 /* Project object */;
}
